{
  "name": "@agroway/reconstructed-v015-baseline",
  "version": "0.21.0-alpha10",
  "lockfileVersion": 3,
  "requires": true,
  "packages": {
    "": {
      "name": "@agroway/reconstructed-v015-baseline",
      "version": "0.21.0-alpha10",
      "workspaces": [
        "apps/field-web",
        "apps/field-mobile",
        "apps/control-web",
        "packages/domain-events",
        "packages/identity-contracts",
        "packages/land-contracts",
        "packages/agronomy-contracts",
        "packages/finance-contracts",
        "packages/supply-contracts",
        "packages/field-contracts",
        "packages/monitoring-contracts",
        "packages/harvest-contracts",
        "packages/impact-contracts",
        "packages/traceability-contracts",
        "packages/product-contracts",
        "services/identity-access",
        "services/land-registry",
        "services/agronomy-planning",
        "services/finance-ledger",
        "services/supply-catalog",
        "services/field-operations",
        "services/monitoring",
        "services/harvest-liquidation",
        "services/impact-ledger",
        "services/traceability-passport",
        "services/product-master",
        "services/knowledge-registry",
        "services/ai-gateway",
        "services/agronomy-copilot",
        "packages/external-data-contracts",
        "services/external-data-gateway",
        "services/agronomic-alerts",
        "packages/invest-control-contracts",
        "services/investment-portfolio",
        "services/control-tower-projector",
        "packages/copilot-knowledge-contracts",
        "services/knowledge-evidence-resolver",
        "services/control-tower-copilot",
        "packages/pilot-certification-contracts",
        "services/pilot-certifier",
        "services/pilot-replay-auditor"
      ]
    },
    "apps/control-web": {"name":"@agroway/control-web","version":"0.21.0-alpha10"},
    "apps/field-mobile": {"name":"@agroway/field-mobile","version":"0.21.0-alpha10"},
    "apps/field-web": {"name":"@agroway/field-web","version":"0.21.0-alpha10"},
    "node_modules/@agroway/agronomic-alerts": {"resolved":"services/agronomic-alerts","link":true},
    "node_modules/@agroway/agronomy-contracts": {"resolved":"packages/agronomy-contracts","link":true},
    "node_modules/@agroway/agronomy-copilot": {"resolved":"services/agronomy-copilot","link":true},
    "node_modules/@agroway/agronomy-planning": {"resolved":"services/agronomy-planning","link":true},
    "node_modules/@agroway/ai-gateway": {"resolved":"services/ai-gateway","link":true},
    "node_modules/@agroway/control-tower-copilot": {"resolved":"services/control-tower-copilot","link":true},
    "node_modules/@agroway/control-tower-projector": {"resolved":"services/control-tower-projector","link":true},
    "node_modules/@agroway/control-web": {"resolved":"apps/control-web","link":true},
    "node_modules/@agroway/copilot-knowledge-contracts": {"resolved":"packages/copilot-knowledge-contracts","link":true},
    "node_modules/@agroway/domain-events": {"resolved":"packages/domain-events","link":true},
    "node_modules/@agroway/external-data-contracts": {"resolved":"packages/external-data-contracts","link":true},
    "node_modules/@agroway/external-data-gateway": {"resolved":"services/external-data-gateway","link":true},
    "node_modules/@agroway/field-contracts": {"resolved":"packages/field-contracts","link":true},
    "node_modules/@agroway/field-mobile": {"resolved":"apps/field-mobile","link":true},
    "node_modules/@agroway/field-operations": {"resolved":"services/field-operations","link":true},
    "node_modules/@agroway/field-web": {"resolved":"apps/field-web","link":true},
    "node_modules/@agroway/finance-contracts": {"resolved":"packages/finance-contracts","link":true},
    "node_modules/@agroway/finance-ledger": {"resolved":"services/finance-ledger","link":true},
    "node_modules/@agroway/harvest-contracts": {"resolved":"packages/harvest-contracts","link":true},
    "node_modules/@agroway/harvest-liquidation": {"resolved":"services/harvest-liquidation","link":true},
    "node_modules/@agroway/identity-access": {"resolved":"services/identity-access","link":true},
    "node_modules/@agroway/identity-contracts": {"resolved":"packages/identity-contracts","link":true},
    "node_modules/@agroway/impact-contracts": {"resolved":"packages/impact-contracts","link":true},
    "node_modules/@agroway/impact-ledger": {"resolved":"services/impact-ledger","link":true},
    "node_modules/@agroway/invest-control-contracts": {"resolved":"packages/invest-control-contracts","link":true},
    "node_modules/@agroway/investment-portfolio": {"resolved":"services/investment-portfolio","link":true},
    "node_modules/@agroway/knowledge-evidence-resolver": {"resolved":"services/knowledge-evidence-resolver","link":true},
    "node_modules/@agroway/knowledge-registry": {"resolved":"services/knowledge-registry","link":true},
    "node_modules/@agroway/land-contracts": {"resolved":"packages/land-contracts","link":true},
    "node_modules/@agroway/land-registry": {"resolved":"services/land-registry","link":true},
    "node_modules/@agroway/monitoring": {"resolved":"services/monitoring","link":true},
    "node_modules/@agroway/monitoring-contracts": {"resolved":"packages/monitoring-contracts","link":true},
    "node_modules/@agroway/pilot-certification-contracts": {"resolved":"packages/pilot-certification-contracts","link":true},
    "node_modules/@agroway/pilot-certifier": {"resolved":"services/pilot-certifier","link":true},
    "node_modules/@agroway/pilot-replay-auditor": {"resolved":"services/pilot-replay-auditor","link":true},
    "node_modules/@agroway/product-contracts": {"resolved":"packages/product-contracts","link":true},
    "node_modules/@agroway/product-master": {"resolved":"services/product-master","link":true},
    "node_modules/@agroway/supply-catalog": {"resolved":"services/supply-catalog","link":true},
    "node_modules/@agroway/supply-contracts": {"resolved":"packages/supply-contracts","link":true},
    "node_modules/@agroway/traceability-contracts": {"resolved":"packages/traceability-contracts","link":true},
    "node_modules/@agroway/traceability-passport": {"resolved":"services/traceability-passport","link":true},
    "packages/agronomy-contracts": {"name":"@agroway/agronomy-contracts","version":"0.21.0-alpha10"},
    "packages/copilot-knowledge-contracts": {"name":"@agroway/copilot-knowledge-contracts","version":"0.21.0-alpha10"},
    "packages/domain-events": {"name":"@agroway/domain-events","version":"0.21.0-alpha10"},
    "packages/external-data-contracts": {"name":"@agroway/external-data-contracts","version":"0.21.0-alpha10"},
    "packages/field-contracts": {"name":"@agroway/field-contracts","version":"0.21.0-alpha10"},
    "packages/finance-contracts": {"name":"@agroway/finance-contracts","version":"0.21.0-alpha10"},
    "packages/harvest-contracts": {"name":"@agroway/harvest-contracts","version":"0.21.0-alpha10"},
    "packages/identity-contracts": {"name":"@agroway/identity-contracts","version":"0.21.0-alpha10"},
    "packages/impact-contracts": {"name":"@agroway/impact-contracts","version":"0.21.0-alpha10"},
    "packages/invest-control-contracts": {"name":"@agroway/invest-control-contracts","version":"0.21.0-alpha10"},
    "packages/land-contracts": {"name":"@agroway/land-contracts","version":"0.21.0-alpha10"},
    "packages/monitoring-contracts": {"name":"@agroway/monitoring-contracts","version":"0.21.0-alpha10"},
    "packages/pilot-certification-contracts": {"name":"@agroway/pilot-certification-contracts","version":"0.21.0-alpha10"},
    "packages/product-contracts": {"name":"@agroway/product-contracts","version":"0.21.0-alpha10"},
    "packages/supply-contracts": {"name":"@agroway/supply-contracts","version":"0.21.0-alpha10"},
    "packages/traceability-contracts": {"name":"@agroway/traceability-contracts","version":"0.21.0-alpha10"},
    "services/agronomic-alerts": {"name":"@agroway/agronomic-alerts","version":"0.21.0-alpha10","dependencies":{"@agroway/external-data-contracts":"0.21.0-alpha10"}},
    "services/agronomy-copilot": {"name":"@agroway/agronomy-copilot","version":"0.21.0-alpha10","dependencies":{"@agroway/ai-gateway":"0.21.0-alpha10","@agroway/knowledge-registry":"0.21.0-alpha10"}},
    "services/agronomy-planning": {"name":"@agroway/agronomy-planning","version":"0.21.0-alpha10"},
    "services/ai-gateway": {"name":"@agroway/ai-gateway","version":"0.21.0-alpha10"},
    "services/control-tower-copilot": {"name":"@agroway/control-tower-copilot","version":"0.21.0-alpha10","dependencies":{"@agroway/copilot-knowledge-contracts":"0.21.0-alpha10"}},
    "services/control-tower-projector": {"name":"@agroway/control-tower-projector","version":"0.21.0-alpha10","dependencies":{"@agroway/invest-control-contracts":"0.21.0-alpha10","@agroway/investment-portfolio":"0.21.0-alpha10"}},
    "services/external-data-gateway": {"name":"@agroway/external-data-gateway","version":"0.21.0-alpha10","dependencies":{"@agroway/external-data-contracts":"0.21.0-alpha10"}},
    "services/field-operations": {"name":"@agroway/field-operations","version":"0.21.0-alpha10"},
    "services/finance-ledger": {"name":"@agroway/finance-ledger","version":"0.21.0-alpha10"},
    "services/harvest-liquidation": {"name":"@agroway/harvest-liquidation","version":"0.21.0-alpha10"},
    "services/identity-access": {"name":"@agroway/identity-access","version":"0.21.0-alpha10"},
    "services/impact-ledger": {"name":"@agroway/impact-ledger","version":"0.21.0-alpha10"},
    "services/investment-portfolio": {"name":"@agroway/investment-portfolio","version":"0.21.0-alpha10","dependencies":{"@agroway/invest-control-contracts":"0.21.0-alpha10"}},
    "services/knowledge-evidence-resolver": {"name":"@agroway/knowledge-evidence-resolver","version":"0.21.0-alpha10","dependencies":{"@agroway/copilot-knowledge-contracts":"0.21.0-alpha10"}},
    "services/knowledge-registry": {"name":"@agroway/knowledge-registry","version":"0.21.0-alpha10"},
    "services/land-registry": {"name":"@agroway/land-registry","version":"0.21.0-alpha10"},
    "services/monitoring": {"name":"@agroway/monitoring","version":"0.21.0-alpha10"},
    "services/pilot-certifier": {"name":"@agroway/pilot-certifier","version":"0.21.0-alpha10","dependencies":{"@agroway/pilot-certification-contracts":"0.21.0-alpha10"}},
    "services/pilot-replay-auditor": {"name":"@agroway/pilot-replay-auditor","version":"0.21.0-alpha10","dependencies":{"@agroway/pilot-certification-contracts":"0.21.0-alpha10","@agroway/pilot-certifier":"0.21.0-alpha10"}},
    "services/product-master": {"name":"@agroway/product-master","version":"0.21.0-alpha10"},
    "services/supply-catalog": {"name":"@agroway/supply-catalog","version":"0.21.0-alpha10"},
    "services/traceability-passport": {"name":"@agroway/traceability-passport","version":"0.21.0-alpha10"}
  }
}
